// !$*UTF8*$!
{
	archiveVersion = 1;
	classes = {
	};
	objectVersion = 55;
	objects = {

/* Begin PBXBuildFile section */
		682B076128D2A6D500378EF1 /* BeamAISDK in Frameworks */ = {isa = PBXBuildFile; productRef = 682B076028D2A6D500378EF1 /* BeamAISDK */; };
		68735EA3284D474A00C79A89 /* PreviewView.swift in Sources */ = {isa = PBXBuildFile; fileRef = 68735EA2284D474A00C79A89 /* PreviewView.swift */; };
		687B8EFC28482B1F00C42854 /* AppDelegate.swift in Sources */ = {isa = PBXBuildFile; fileRef = 687B8EFB28482B1F00C42854 /* AppDelegate.swift */; };
		687B8EFE28482B1F00C42854 /* SceneDelegate.swift in Sources */ = {isa = PBXBuildFile; fileRef = 687B8EFD28482B1F00C42854 /* SceneDelegate.swift */; };
		687B8F0028482B1F00C42854 /* ViewController.swift in Sources */ = {isa = PBXBuildFile; fileRef = 687B8EFF28482B1F00C42854 /* ViewController.swift */; };
		687B8F0328482B1F00C42854 /* Main.storyboard in Resources */ = {isa = PBXBuildFile; fileRef = 687B8F0128482B1F00C42854 /* Main.storyboard */; };
		687B8F0528482B2500C42854 /* Assets.xcassets in Resources */ = {isa = PBXBuildFile; fileRef = 687B8F0428482B2500C42854 /* Assets.xcassets */; };
		687B8F0828482B2500C42854 /* LaunchScreen.storyboard in Resources */ = {isa = PBXBuildFile; fileRef = 687B8F0628482B2500C42854 /* LaunchScreen.storyboard */; };
		687B8F1328482B2500C42854 /* serenifyliteTests.swift in Sources */ = {isa = PBXBuildFile; fileRef = 687B8F1228482B2500C42854 /* serenifyliteTests.swift */; };
		687B8F1D28482B2500C42854 /* serenifyliteUITests.swift in Sources */ = {isa = PBXBuildFile; fileRef = 687B8F1C28482B2500C42854 /* serenifyliteUITests.swift */; };
		687B8F1F28482B2500C42854 /* serenifyliteUITestsLaunchTests.swift in Sources */ = {isa = PBXBuildFile; fileRef = 687B8F1E28482B2500C42854 /* serenifyliteUITestsLaunchTests.swift */; };
/* End PBXBuildFile section */

/* Begin PBXContainerItemProxy section */
		687B8F0F28482B2500C42854 /* PBXContainerItemProxy */ = {
			isa = PBXContainerItemProxy;
			containerPortal = 687B8EF028482B1F00C42854 /* Project object */;
			proxyType = 1;
			remoteGlobalIDString = 687B8EF728482B1F00C42854;
			remoteInfo = serenifylite;
		};
		687B8F1928482B2500C42854 /* PBXContainerItemProxy */ = {
			isa = PBXContainerItemProxy;
			containerPortal = 687B8EF028482B1F00C42854 /* Project object */;
			proxyType = 1;
			remoteGlobalIDString = 687B8EF728482B1F00C42854;
			remoteInfo = serenifylite;
		};
/* End PBXContainerItemProxy section */

/* Begin PBXCopyFilesBuildPhase section */
		68736CE328638E4F00309EF9 /* Embed Frameworks */ = {
			isa = PBXCopyFilesBuildPhase;
			buildActionMask = 2147483647;
			dstPath = "";
			dstSubfolderSpec = 10;
			files = (
			);
			name = "Embed Frameworks";
			runOnlyForDeploymentPostprocessing = 0;
		};
/* End PBXCopyFilesBuildPhase section */

/* Begin PBXFileReference section */
		68735EA2284D474A00C79A89 /* PreviewView.swift */ = {isa = PBXFileReference; lastKnownFileType = sourcecode.swift; path = PreviewView.swift; sourceTree = "<group>"; };
		687B8EF828482B1F00C42854 /* BeamAILite.app */ = {isa = PBXFileReference; explicitFileType = wrapper.application; includeInIndex = 0; path = BeamAILite.app; sourceTree = BUILT_PRODUCTS_DIR; };
		687B8EFB28482B1F00C42854 /* AppDelegate.swift */ = {isa = PBXFileReference; lastKnownFileType = sourcecode.swift; path = AppDelegate.swift; sourceTree = "<group>"; };
		687B8EFD28482B1F00C42854 /* SceneDelegate.swift */ = {isa = PBXFileReference; lastKnownFileType = sourcecode.swift; path = SceneDelegate.swift; sourceTree = "<group>"; };
		687B8EFF28482B1F00C42854 /* ViewController.swift */ = {isa = PBXFileReference; lastKnownFileType = sourcecode.swift; path = ViewController.swift; sourceTree = "<group>"; };
		687B8F0228482B1F00C42854 /* Base */ = {isa = PBXFileReference; lastKnownFileType = file.storyboard; name = Base; path = Base.lproj/Main.storyboard; sourceTree = "<group>"; };
		687B8F0428482B2500C42854 /* Assets.xcassets */ = {isa = PBXFileReference; lastKnownFileType = folder.assetcatalog; path = Assets.xcassets; sourceTree = "<group>"; };
		687B8F0728482B2500C42854 /* Base */ = {isa = PBXFileReference; lastKnownFileType = file.storyboard; name = Base; path = Base.lproj/LaunchScreen.storyboard; sourceTree = "<group>"; };
		687B8F0928482B2500C42854 /* Info.plist */ = {isa = PBXFileReference; lastKnownFileType = text.plist.xml; path = Info.plist; sourceTree = "<group>"; };
		687B8F0E28482B2500C42854 /* BeamAILiteTests.xctest */ = {isa = PBXFileReference; explicitFileType = wrapper.cfbundle; includeInIndex = 0; path = BeamAILiteTests.xctest; sourceTree = BUILT_PRODUCTS_DIR; };
		687B8F1228482B2500C42854 /* serenifyliteTests.swift */ = {isa = PBXFileReference; lastKnownFileType = sourcecode.swift; path = serenifyliteTests.swift; sourceTree = "<group>"; };
		687B8F1828482B2500C42854 /* BeamAILiteUITests.xctest */ = {isa = PBXFileReference; explicitFileType = wrapper.cfbundle; includeInIndex = 0; path = BeamAILiteUITests.xctest; sourceTree = BUILT_PRODUCTS_DIR; };
		687B8F1C28482B2500C42854 /* serenifyliteUITests.swift */ = {isa = PBXFileReference; lastKnownFileType = sourcecode.swift; path = serenifyliteUITests.swift; sourceTree = "<group>"; };
		687B8F1E28482B2500C42854 /* serenifyliteUITestsLaunchTests.swift */ = {isa = PBXFileReference; lastKnownFileType = sourcecode.swift; path = serenifyliteUITestsLaunchTests.swift; sourceTree = "<group>"; };
/* End PBXFileReference section */

/* Begin PBXFrameworksBuildPhase section */
		687B8EF528482B1F00C42854 /* Frameworks */ = {
			isa = PBXFrameworksBuildPhase;
			buildActionMask = 2147483647;
			files = (
				682B076128D2A6D500378EF1 /* BeamAISDK in Frameworks */,
			);
			runOnlyForDeploymentPostprocessing = 0;
		};
		687B8F0B28482B2500C42854 /* Frameworks */ = {
			isa = PBXFrameworksBuildPhase;
			buildActionMask = 2147483647;
			files = (
			);
			runOnlyForDeploymentPostprocessing = 0;
		};
		687B8F1528482B2500C42854 /* Frameworks */ = {
			isa = PBXFrameworksBuildPhase;
			buildActionMask = 2147483647;
			files = (
			);
			runOnlyForDeploymentPostprocessing = 0;
		};
/* End PBXFrameworksBuildPhase section */

/* Begin PBXGroup section */
		687B8EEF28482B1F00C42854 = {
			isa = PBXGroup;
			children = (
				687B8EFA28482B1F00C42854 /* BeamAILite */,
				687B8F1128482B2500C42854 /* BeamAILiteTests */,
				687B8F1B28482B2500C42854 /* BeamAILiteUITests */,
				687B8EF928482B1F00C42854 /* Products */,
			);
			sourceTree = "<group>";
		};
		687B8EF928482B1F00C42854 /* Products */ = {
			isa = PBXGroup;
			children = (
				687B8EF828482B1F00C42854 /* BeamAILite.app */,
				687B8F0E28482B2500C42854 /* BeamAILiteTests.xctest */,
				687B8F1828482B2500C42854 /* BeamAILiteUITests.xctest */,
			);
			name = Products;
			sourceTree = "<group>";
		};
		687B8EFA28482B1F00C42854 /* BeamAILite */ = {
			isa = PBXGroup;
			children = (
				687B8EFB28482B1F00C42854 /* AppDelegate.swift */,
				687B8EFD28482B1F00C42854 /* SceneDelegate.swift */,
				687B8EFF28482B1F00C42854 /* ViewController.swift */,
				687B8F0128482B1F00C42854 /* Main.storyboard */,
				687B8F0428482B2500C42854 /* Assets.xcassets */,
				687B8F0628482B2500C42854 /* LaunchScreen.storyboard */,
				687B8F0928482B2500C42854 /* Info.plist */,
				68735EA2284D474A00C79A89 /* PreviewView.swift */,
			);
			path = BeamAILite;
			sourceTree = "<group>";
		};
		687B8F1128482B2500C42854 /* BeamAILiteTests */ = {
			isa = PBXGroup;
			children = (
				687B8F1228482B2500C42854 /* serenifyliteTests.swift */,
			);
			path = BeamAILiteTests;
			sourceTree = "<group>";
		};
		687B8F1B28482B2500C42854 /* BeamAILiteUITests */ = {
			isa = PBXGroup;
			children = (
				687B8F1C28482B2500C42854 /* serenifyliteUITests.swift */,
				687B8F1E28482B2500C42854 /* serenifyliteUITestsLaunchTests.swift */,
			);
			path = BeamAILiteUITests;
			sourceTree = "<group>";
		};
/* End PBXGroup section */

/* Begin PBXNativeTarget section */
		687B8EF728482B1F00C42854 /* BeamAILite */ = {
			isa = PBXNativeTarget;
			buildConfigurationList = 687B8F2228482B2500C42854 /* Build configuration list for PBXNativeTarget "BeamAILite" */;
			buildPhases = (
				687B8EF428482B1F00C42854 /* Sources */,
				687B8EF528482B1F00C42854 /* Frameworks */,
				687B8EF628482B1F00C42854 /* Resources */,
				68736CE328638E4F00309EF9 /* Embed Frameworks */,
			);
			buildRules = (
			);
			dependencies = (
			);
			name = BeamAILite;
			packageProductDependencies = (
				682B076028D2A6D500378EF1 /* BeamAISDK */,
			);
			productName = serenifylite;
			productReference = 687B8EF828482B1F00C42854 /* BeamAILite.app */;
			productType = "com.apple.product-type.application";
		};
		687B8F0D28482B2500C42854 /* BeamAILiteTests */ = {
			isa = PBXNativeTarget;
			buildConfigurationList = 687B8F2528482B2500C42854 /* Build configuration list for PBXNativeTarget "BeamAILiteTests" */;
			buildPhases = (
				687B8F0A28482B2500C42854 /* Sources */,
				687B8F0B28482B2500C42854 /* Frameworks */,
				687B8F0C28482B2500C42854 /* Resources */,
			);
			buildRules = (
			);
			dependencies = (
				687B8F1028482B2500C42854 /* PBXTargetDependency */,
			);
			name = BeamAILiteTests;
			productName = serenifyliteTests;
			productReference = 687B8F0E28482B2500C42854 /* BeamAILiteTests.xctest */;
			productType = "com.apple.product-type.bundle.unit-test";
		};
		687B8F1728482B2500C42854 /* BeamAILiteUITests */ = {
			isa = PBXNativeTarget;
			buildConfigurationList = 687B8F2828482B2500C42854 /* Build configuration list for PBXNativeTarget "BeamAILiteUITests" */;
			buildPhases = (
				687B8F1428482B2500C42854 /* Sources */,
				687B8F1528482B2500C42854 /* Frameworks */,
				687B8F1628482B2500C42854 /* Resources */,
			);
			buildRules = (
			);
			dependencies = (
				687B8F1A28482B2500C42854 /* PBXTargetDependency */,
			);
			name = BeamAILiteUITests;
			productName = serenifyliteUITests;
			productReference = 687B8F1828482B2500C42854 /* BeamAILiteUITests.xctest */;
			productType = "com.apple.product-type.bundle.ui-testing";
		};
/* End PBXNativeTarget section */

/* Begin PBXProject section */
		687B8EF028482B1F00C42854 /* Project object */ = {
			isa = PBXProject;
			attributes = {
				BuildIndependentTargetsInParallel = 1;
				LastSwiftUpdateCheck = 1340;
				LastUpgradeCheck = 1340;
				TargetAttributes = {
					687B8EF728482B1F00C42854 = {
						CreatedOnToolsVersion = 13.4;
					};
					687B8F0D28482B2500C42854 = {
						CreatedOnToolsVersion = 13.4;
						TestTargetID = 687B8EF728482B1F00C42854;
					};
					687B8F1728482B2500C42854 = {
						CreatedOnToolsVersion = 13.4;
						TestTargetID = 687B8EF728482B1F00C42854;
					};
				};
			};
			buildConfigurationList = 687B8EF328482B1F00C42854 /* Build configuration list for PBXProject "BeamAILite" */;
			compatibilityVersion = "Xcode 13.0";
			developmentRegion = en;
			hasScannedForEncodings = 0;
			knownRegions = (
				en,
				Base,
			);
			mainGroup = 687B8EEF28482B1F00C42854;
			packageReferences = (
				682B075F28D2A6D500378EF1 /* XCRemoteSwiftPackageReference "BeamAISDK-iOS" */,
			);
			productRefGroup = 687B8EF928482B1F00C42854 /* Products */;
			projectDirPath = "";
			projectRoot = "";
			targets = (
				687B8EF728482B1F00C42854 /* BeamAILite */,
				687B8F0D28482B2500C42854 /* BeamAILiteTests */,
				687B8F1728482B2500C42854 /* BeamAILiteUITests */,
			);
		};
/* End PBXProject section */

/* Begin PBXResourcesBuildPhase section */
		687B8EF628482B1F00C42854 /* Resources */ = {
			isa = PBXResourcesBuildPhase;
			buildActionMask = 2147483647;
			files = (
				687B8F0828482B2500C42854 /* LaunchScreen.storyboard in Resources */,
				687B8F0528482B2500C42854 /* Assets.xcassets in Resources */,
				687B8F0328482B1F00C42854 /* Main.storyboard in Resources */,
			);
			runOnlyForDeploymentPostprocessing = 0;
		};
		687B8F0C28482B2500C42854 /* Resources */ = {
			isa = PBXResourcesBuildPhase;
			buildActionMask = 2147483647;
			files = (
			);
			runOnlyForDeploymentPostprocessing = 0;
		};
		687B8F1628482B2500C42854 /* Resources */ = {
			isa = PBXResourcesBuildPhase;
			buildActionMask = 2147483647;
			files = (
			);
			runOnlyForDeploymentPostprocessing = 0;
		};
/* End PBXResourcesBuildPhase section */

/* Begin PBXSourcesBuildPhase section */
		687B8EF428482B1F00C42854 /* Sources */ = {
			isa = PBXSourcesBuildPhase;
			buildActionMask = 2147483647;
			files = (
				68735EA3284D474A00C79A89 /* PreviewView.swift in Sources */,
				687B8F0028482B1F00C42854 /* ViewController.swift in Sources */,
				687B8EFC28482B1F00C42854 /* AppDelegate.swift in Sources */,
				687B8EFE28482B1F00C42854 /* SceneDelegate.swift in Sources */,
			);
			runOnlyForDeploymentPostprocessing = 0;
		};
		687B8F0A28482B2500C42854 /* Sources */ = {
			isa = PBXSourcesBuildPhase;
			buildActionMask = 2147483647;
			files = (
				687B8F1328482B2500C42854 /* serenifyliteTests.swift in Sources */,
			);
			runOnlyForDeploymentPostprocessing = 0;
		};
		687B8F1428482B2500C42854 /* Sources */ = {
			isa = PBXSourcesBuildPhase;
			buildActionMask = 2147483647;
			files = (
				687B8F1D28482B2500C42854 /* serenifyliteUITests.swift in Sources */,
				687B8F1F28482B2500C42854 /* serenifyliteUITestsLaunchTests.swift in Sources */,
			);
			runOnlyForDeploymentPostprocessing = 0;
		};
/* End PBXSourcesBuildPhase section */

/* Begin PBXTargetDependency section */
		687B8F1028482B2500C42854 /* PBXTargetDependency */ = {
			isa = PBXTargetDependency;
			target = 687B8EF728482B1F00C42854 /* BeamAILite */;
			targetProxy = 687B8F0F28482B2500C42854 /* PBXContainerItemProxy */;
		};
		687B8F1A28482B2500C42854 /* PBXTargetDependency */ = {
			isa = PBXTargetDependency;
			target = 687B8EF728482B1F00C42854 /* BeamAILite */;
			targetProxy = 687B8F1928482B2500C42854 /* PBXContainerItemProxy */;
		};
/* End PBXTargetDependency section */

/* Begin PBXVariantGroup section */
		687B8F0128482B1F00C42854 /* Main.storyboard */ = {
			isa = PBXVariantGroup;
			children = (
				687B8F0228482B1F00C42854 /* Base */,
			);
			name = Main.storyboard;
			sourceTree = "<group>";
		};
		687B8F0628482B2500C42854 /* LaunchScreen.storyboard */ = {
			isa = PBXVariantGroup;
			children = (
				687B8F0728482B2500C42854 /* Base */,
			);
			name = LaunchScreen.storyboard;
			sourceTree = "<group>";
		};
/* End PBXVariantGroup section */

/* Begin XCBuildConfiguration section */
		687B8F2028482B2500C42854 /* Debug */ = {
			isa = XCBuildConfiguration;
			buildSettings = {
				ALWAYS_SEARCH_USER_PATHS = NO;
				CLANG_ANALYZER_NONNULL = YES;
				CLANG_ANALYZER_NUMBER_OBJECT_CONVERSION = YES_AGGRESSIVE;
				CLANG_CXX_LANGUAGE_STANDARD = "gnu++17";
				CLANG_ENABLE_MODULES = YES;
				CLANG_ENABLE_OBJC_ARC = YES;
				CLANG_ENABLE_OBJC_WEAK = YES;
				CLANG_WARN_BLOCK_CAPTURE_AUTORELEASING = YES;
				CLANG_WARN_BOOL_CONVERSION = YES;
				CLANG_WARN_COMMA = YES;
				CLANG_WARN_CONSTANT_CONVERSION = YES;
				CLANG_WARN_DEPRECATED_OBJC_IMPLEMENTATIONS = YES;
				CLANG_WARN_DIRECT_OBJC_ISA_USAGE = YES_ERROR;
				CLANG_WARN_DOCUMENTATION_COMMENTS = YES;
				CLANG_WARN_EMPTY_BODY = YES;
				CLANG_WARN_ENUM_CONVERSION = YES;
				CLANG_WARN_INFINITE_RECURSION = YES;
				CLANG_WARN_INT_CONVERSION = YES;
				CLANG_WARN_NON_LITERAL_NULL_CONVERSION = YES;
				CLANG_WARN_OBJC_IMPLICIT_RETAIN_SELF = YES;
				CLANG_WARN_OBJC_LITERAL_CONVERSION = YES;
				CLANG_WARN_OBJC_ROOT_CLASS = YES_ERROR;
				CLANG_WARN_QUOTED_INCLUDE_IN_FRAMEWORK_HEADER = YES;
				CLANG_WARN_RANGE_LOOP_ANALYSIS = YES;
				CLANG_WARN_STRICT_PROTOTYPES = YES;
				CLANG_WARN_SUSPICIOUS_MOVE = YES;
				CLANG_WARN_UNGUARDED_AVAILABILITY = YES_AGGRESSIVE;
				CLANG_WARN_UNREACHABLE_CODE = YES;
				CLANG_WARN__DUPLICATE_METHOD_MATCH = YES;
				COPY_PHASE_STRIP = NO;
				DEBUG_INFORMATION_FORMAT = dwarf;
				ENABLE_STRICT_OBJC_MSGSEND = YES;
				ENABLE_TESTABILITY = YES;
				GCC_C_LANGUAGE_STANDARD = gnu11;
				GCC_DYNAMIC_NO_PIC = NO;
				GCC_NO_COMMON_BLOCKS = YES;
				GCC_OPTIMIZATION_LEVEL = 0;
				GCC_PREPROCESSOR_DEFINITIONS = (
					"DEBUG=1",
					"$(inherited)",
				);
				GCC_WARN_64_TO_32_BIT_CONVERSION = YES;
				GCC_WARN_ABOUT_RETURN_TYPE = YES_ERROR;
				GCC_WARN_UNDECLARED_SELECTOR = YES;
				GCC_WARN_UNINITIALIZED_AUTOS = YES_AGGRESSIVE;
				GCC_WARN_UNUSED_FUNCTION = YES;
				GCC_WARN_UNUSED_VARIABLE = YES;
				IPHONEOS_DEPLOYMENT_TARGET = 15.5;
				MTL_ENABLE_DEBUG_INFO = INCLUDE_SOURCE;
				MTL_FAST_MATH = YES;
				ONLY_ACTIVE_ARCH = YES;
				SDKROOT = iphoneos;
				SWIFT_ACTIVE_COMPILATION_CONDITIONS = DEBUG;
				SWIFT_OPTIMIZATION_LEVEL = "-Onone";
			};
			name = Debug;
		};
		687B8F2128482B2500C42854 /* Release */ = {
			isa = XCBuildConfiguration;
			buildSettings = {
				ALWAYS_SEARCH_USER_PATHS = NO;
				CLANG_ANALYZER_NONNULL = YES;
				CLANG_ANALYZER_NUMBER_OBJECT_CONVERSION = YES_AGGRESSIVE;
				CLANG_CXX_LANGUAGE_STANDARD = "gnu++17";
				CLANG_ENABLE_MODULES = YES;
				CLANG_ENABLE_OBJC_ARC = YES;
				CLANG_ENABLE_OBJC_WEAK = YES;
				CLANG_WARN_BLOCK_CAPTURE_AUTORELEASING = YES;
				CLANG_WARN_BOOL_CONVERSION = YES;
				CLANG_WARN_COMMA = YES;
				CLANG_WARN_CONSTANT_CONVERSION = YES;
				CLANG_WARN_DEPRECATED_OBJC_IMPLEMENTATIONS = YES;
				CLANG_WARN_DIRECT_OBJC_ISA_USAGE = YES_ERROR;
				CLANG_WARN_DOCUMENTATION_COMMENTS = YES;
				CLANG_WARN_EMPTY_BODY = YES;
				CLANG_WARN_ENUM_CONVERSION = YES;
				CLANG_WARN_INFINITE_RECURSION = YES;
				CLANG_WARN_INT_CONVERSION = YES;
				CLANG_WARN_NON_LITERAL_NULL_CONVERSION = YES;
				CLANG_WARN_OBJC_IMPLICIT_RETAIN_SELF = YES;
				CLANG_WARN_OBJC_LITERAL_CONVERSION = YES;
				CLANG_WARN_OBJC_ROOT_CLASS = YES_ERROR;
				CLANG_WARN_QUOTED_INCLUDE_IN_FRAMEWORK_HEADER = YES;
				CLANG_WARN_RANGE_LOOP_ANALYSIS = YES;
				CLANG_WARN_STRICT_PROTOTYPES = YES;
				CLANG_WARN_SUSPICIOUS_MOVE = YES;
				CLANG_WARN_UNGUARDED_AVAILABILITY = YES_AGGRESSIVE;
				CLANG_WARN_UNREACHABLE_CODE = YES;
				CLANG_WARN__DUPLICATE_METHOD_MATCH = YES;
				COPY_PHASE_STRIP = NO;
				DEBUG_INFORMATION_FORMAT = "dwarf-with-dsym";
				ENABLE_NS_ASSERTIONS = NO;
				ENABLE_STRICT_OBJC_MSGSEND = YES;
				GCC_C_LANGUAGE_STANDARD = gnu11;
				GCC_NO_COMMON_BLOCKS = YES;
				GCC_WARN_64_TO_32_BIT_CONVERSION = YES;
				GCC_WARN_ABOUT_RETURN_TYPE = YES_ERROR;
				GCC_WARN_UNDECLARED_SELECTOR = YES;
				GCC_WARN_UNINITIALIZED_AUTOS = YES_AGGRESSIVE;
				GCC_WARN_UNUSED_FUNCTION = YES;
				GCC_WARN_UNUSED_VARIABLE = YES;
				IPHONEOS_DEPLOYMENT_TARGET = 15.5;
				MTL_ENABLE_DEBUG_INFO = NO;
				MTL_FAST_MATH = YES;
				SDKROOT = iphoneos;
				SWIFT_COMPILATION_MODE = wholemodule;
				SWIFT_OPTIMIZATION_LEVEL = "-O";
				VALIDATE_PRODUCT = YES;
			};
			name = Release;
		};
		687B8F2328482B2500C42854 /* Debug */ = {
			isa = XCBuildConfiguration;
			buildSettings = {
				ASSETCATALOG_COMPILER_APPICON_NAME = AppIcon;
				ASSETCATALOG_COMPILER_GLOBAL_ACCENT_COLOR_NAME = AccentColor;
				CODE_SIGN_STYLE = Automatic;
				CURRENT_PROJECT_VERSION = 7;
				DEVELOPMENT_TEAM = 9AGDF85LR4;
				FRAMEWORK_SEARCH_PATHS = (
					"$(inherited)",
					"$(PROJECT_DIR)/serenifylite/Frameworks",
					"$(PROJECT_DIR)/SerenifyLite/Frameworks",
					"$(PROJECT_DIR)/BeamAILite/Frameworks",
				);
				GENERATE_INFOPLIST_FILE = YES;
				INFOPLIST_FILE = BeamAILite/Info.plist;
				INFOPLIST_KEY_CFBundleDisplayName = "Beam AI Lite";
				INFOPLIST_KEY_NSCameraUsageDescription = "Please approve camera permission for monitoring stress from the front camera.";
				INFOPLIST_KEY_UIApplicationSupportsIndirectInputEvents = YES;
				INFOPLIST_KEY_UILaunchStoryboardName = LaunchScreen;
				INFOPLIST_KEY_UIMainStoryboardFile = Main;
				INFOPLIST_KEY_UISupportedInterfaceOrientations_iPad = "UIInterfaceOrientationPortrait UIInterfaceOrientationPortraitUpsideDown UIInterfaceOrientationLandscapeLeft UIInterfaceOrientationLandscapeRight";
				INFOPLIST_KEY_UISupportedInterfaceOrientations_iPhone = "UIInterfaceOrientationPortrait UIInterfaceOrientationLandscapeLeft UIInterfaceOrientationLandscapeRight";
				IPHONEOS_DEPLOYMENT_TARGET = 13.0;
				LD_RUNPATH_SEARCH_PATHS = (
					"$(inherited)",
					"@executable_path/Frameworks",
				);
				MARKETING_VERSION = 1.1;
				PRODUCT_BUNDLE_IDENTIFIER = ai.beamhealth.BeamAILite;
				PRODUCT_NAME = "$(TARGET_NAME)";
				SKIP_INSTALL = NO;
				SWIFT_EMIT_LOC_STRINGS = YES;
				SWIFT_VERSION = 5.0;
				TARGETED_DEVICE_FAMILY = 1;
			};
			name = Debug;
		};
		687B8F2428482B2500C42854 /* Release */ = {
			isa = XCBuildConfiguration;
			buildSettings = {
				ASSETCATALOG_COMPILER_APPICON_NAME = AppIcon;
				ASSETCATALOG_COMPILER_GLOBAL_ACCENT_COLOR_NAME = AccentColor;
				CODE_SIGN_STYLE = Automatic;
				CURRENT_PROJECT_VERSION = 7;
				DEVELOPMENT_TEAM = 9AGDF85LR4;
				FRAMEWORK_SEARCH_PATHS = (
					"$(inherited)",
					"$(PROJECT_DIR)/serenifylite/Frameworks",
					"$(PROJECT_DIR)/SerenifyLite/Frameworks",
					"$(PROJECT_DIR)/BeamAILite/Frameworks",
				);
				GENERATE_INFOPLIST_FILE = YES;
				INFOPLIST_FILE = BeamAILite/Info.plist;
				INFOPLIST_KEY_CFBundleDisplayName = "Beam AI Lite";
				INFOPLIST_KEY_NSCameraUsageDescription = "Please approve camera permission for monitoring stress from the front camera.";
				INFOPLIST_KEY_UIApplicationSupportsIndirectInputEvents = YES;
				INFOPLIST_KEY_UILaunchStoryboardName = LaunchScreen;
				INFOPLIST_KEY_UIMainStoryboardFile = Main;
				INFOPLIST_KEY_UISupportedInterfaceOrientations_iPad = "UIInterfaceOrientationPortrait UIInterfaceOrientationPortraitUpsideDown UIInterfaceOrientationLandscapeLeft UIInterfaceOrientationLandscapeRight";
				INFOPLIST_KEY_UISupportedInterfaceOrientations_iPhone = "UIInterfaceOrientationPortrait UIInterfaceOrientationLandscapeLeft UIInterfaceOrientationLandscapeRight";
				IPHONEOS_DEPLOYMENT_TARGET = 13.0;
				LD_RUNPATH_SEARCH_PATHS = (
					"$(inherited)",
					"@executable_path/Frameworks",
				);
				MARKETING_VERSION = 1.1;
				PRODUCT_BUNDLE_IDENTIFIER = ai.beamhealth.BeamAILite;
				PRODUCT_NAME = "$(TARGET_NAME)";
				SKIP_INSTALL = NO;
				SWIFT_EMIT_LOC_STRINGS = YES;
				SWIFT_VERSION = 5.0;
				TARGETED_DEVICE_FAMILY = 1;
			};
			name = Release;
		};
		687B8F2628482B2500C42854 /* Debug */ = {
			isa = XCBuildConfiguration;
			buildSettings = {
				ALWAYS_EMBED_SWIFT_STANDARD_LIBRARIES = YES;
				BUNDLE_LOADER = "$(TEST_HOST)";
				CODE_SIGN_STYLE = Automatic;
				CURRENT_PROJECT_VERSION = 1;
				DEVELOPMENT_TEAM = QZAKDG77C3;
				GENERATE_INFOPLIST_FILE = YES;
				IPHONEOS_DEPLOYMENT_TARGET = 15.5;
				MARKETING_VERSION = 1.0;
				PRODUCT_BUNDLE_IDENTIFIER = ai.beamhealth.serenifyliteTests;
				PRODUCT_NAME = "$(TARGET_NAME)";
				SWIFT_EMIT_LOC_STRINGS = NO;
				SWIFT_VERSION = 5.0;
				TARGETED_DEVICE_FAMILY = "1,2";
				TEST_HOST = "$(BUILT_PRODUCTS_DIR)/BeamAILite.app/BeamAILite";
			};
			name = Debug;
		};
		687B8F2728482B2500C42854 /* Release */ = {
			isa = XCBuildConfiguration;
			buildSettings = {
				ALWAYS_EMBED_SWIFT_STANDARD_LIBRARIES = YES;
				BUNDLE_LOADER = "$(TEST_HOST)";
				CODE_SIGN_STYLE = Automatic;
				CURRENT_PROJECT_VERSION = 1;
				DEVELOPMENT_TEAM = QZAKDG77C3;
				GENERATE_INFOPLIST_FILE = YES;
				IPHONEOS_DEPLOYMENT_TARGET = 15.5;
				MARKETING_VERSION = 1.0;
				PRODUCT_BUNDLE_IDENTIFIER = ai.beamhealth.serenifyliteTests;
				PRODUCT_NAME = "$(TARGET_NAME)";
				SWIFT_EMIT_LOC_STRINGS = NO;
				SWIFT_VERSION = 5.0;
				TARGETED_DEVICE_FAMILY = "1,2";
				TEST_HOST = "$(BUILT_PRODUCTS_DIR)/BeamAILite.app/BeamAILite";
			};
			name = Release;
		};
		687B8F2928482B2500C42854 /* Debug */ = {
			isa = XCBuildConfiguration;
			buildSettings = {
				ALWAYS_EMBED_SWIFT_STANDARD_LIBRARIES = YES;
				CODE_SIGN_STYLE = Automatic;
				CURRENT_PROJECT_VERSION = 1;
				DEVELOPMENT_TEAM = QZAKDG77C3;
				GENERATE_INFOPLIST_FILE = YES;
				MARKETING_VERSION = 1.0;
				PRODUCT_BUNDLE_IDENTIFIER = ai.beamhealth.serenifyliteUITests;
				PRODUCT_NAME = "$(TARGET_NAME)";
				SWIFT_EMIT_LOC_STRINGS = NO;
				SWIFT_VERSION = 5.0;
				TARGETED_DEVICE_FAMILY = "1,2";
				TEST_TARGET_NAME = serenifylite;
			};
			name = Debug;
		};
		687B8F2A28482B2500C42854 /* Release */ = {
			isa = XCBuildConfiguration;
			buildSettings = {
				ALWAYS_EMBED_SWIFT_STANDARD_LIBRARIES = YES;
				CODE_SIGN_STYLE = Automatic;
				CURRENT_PROJECT_VERSION = 1;
				DEVELOPMENT_TEAM = QZAKDG77C3;
				GENERATE_INFOPLIST_FILE = YES;
				MARKETING_VERSION = 1.0;
				PRODUCT_BUNDLE_IDENTIFIER = ai.beamhealth.serenifyliteUITests;
				PRODUCT_NAME = "$(TARGET_NAME)";
				SWIFT_EMIT_LOC_STRINGS = NO;
				SWIFT_VERSION = 5.0;
				TARGETED_DEVICE_FAMILY = "1,2";
				TEST_TARGET_NAME = serenifylite;
			};
			name = Release;
		};
/* End XCBuildConfiguration section */

/* Begin XCConfigurationList section */
		687B8EF328482B1F00C42854 /* Build configuration list for PBXProject "BeamAILite" */ = {
			isa = XCConfigurationList;
			buildConfigurations = (
				687B8F2028482B2500C42854 /* Debug */,
				687B8F2128482B2500C42854 /* Release */,
			);
			defaultConfigurationIsVisible = 0;
			defaultConfigurationName = Release;
		};
		687B8F2228482B2500C42854 /* Build configuration list for PBXNativeTarget "BeamAILite" */ = {
			isa = XCConfigurationList;
			buildConfigurations = (
				687B8F2328482B2500C42854 /* Debug */,
				687B8F2428482B2500C42854 /* Release */,
			);
			defaultConfigurationIsVisible = 0;
			defaultConfigurationName = Release;
		};
		687B8F2528482B2500C42854 /* Build configuration list for PBXNativeTarget "BeamAILiteTests" */ = {
			isa = XCConfigurationList;
			buildConfigurations = (
				687B8F2628482B2500C42854 /* Debug */,
				687B8F2728482B2500C42854 /* Release */,
			);
			defaultConfigurationIsVisible = 0;
			defaultConfigurationName = Release;
		};
		687B8F2828482B2500C42854 /* Build configuration list for PBXNativeTarget "BeamAILiteUITests" */ = {
			isa = XCConfigurationList;
			buildConfigurations = (
				687B8F2928482B2500C42854 /* Debug */,
				687B8F2A28482B2500C42854 /* Release */,
			);
			defaultConfigurationIsVisible = 0;
			defaultConfigurationName = Release;
		};
/* End XCConfigurationList section */

/* Begin XCRemoteSwiftPackageReference section */
		682B075F28D2A6D500378EF1 /* XCRemoteSwiftPackageReference "BeamAISDK-iOS" */ = {
			isa = XCRemoteSwiftPackageReference;
			repositoryURL = "https://github.com/beamai/BeamAISDK-iOS";
			requirement = {
				kind = upToNextMajorVersion;
				minimumVersion = 1.0.0;
			};
		};
/* End XCRemoteSwiftPackageReference section */

/* Begin XCSwiftPackageProductDependency section */
		682B076028D2A6D500378EF1 /* BeamAISDK */ = {
			isa = XCSwiftPackageProductDependency;
			package = 682B075F28D2A6D500378EF1 /* XCRemoteSwiftPackageReference "BeamAISDK-iOS" */;
			productName = BeamAISDK;
		};
/* End XCSwiftPackageProductDependency section */
	};
	rootObject = 687B8EF028482B1F00C42854 /* Project object */;
}
